// !$*UTF8*$!
{
	archiveVersion = 1;
	classes = {
	};
	objectVersion = 55;
	objects = {

/* Begin PBXBuildFile section */
		6EC984E827EBCD7A00167343 /* NasaPicture.swift in Sources */ = {isa = PBXBuildFile; fileRef = 6EC984E727EBCD7A00167343 /* NasaPicture.swift */; };
		6EC984EA27EBCE3D00167343 /* NetworkService.swift in Sources */ = {isa = PBXBuildFile; fileRef = 6EC984E927EBCE3D00167343 /* NetworkService.swift */; };
		6EC984F127EBD9D800167343 /* AppExtensions.swift in Sources */ = {isa = PBXBuildFile; fileRef = 6EC984F027EBD9D800167343 /* AppExtensions.swift */; };
		6ECB624D27E91BC800763E06 /* AppDelegate.swift in Sources */ = {isa = PBXBuildFile; fileRef = 6ECB624C27E91BC800763E06 /* AppDelegate.swift */; };
		6ECB624F27E91BC800763E06 /* SceneDelegate.swift in Sources */ = {isa = PBXBuildFile; fileRef = 6ECB624E27E91BC800763E06 /* SceneDelegate.swift */; };
		6ECB625427E91BC800763E06 /* Main.storyboard in Resources */ = {isa = PBXBuildFile; fileRef = 6ECB625227E91BC800763E06 /* Main.storyboard */; };
		6ECB625627E91BD100763E06 /* Assets.xcassets in Resources */ = {isa = PBXBuildFile; fileRef = 6ECB625527E91BD100763E06 /* Assets.xcassets */; };
		6ECB625927E91BD100763E06 /* LaunchScreen.storyboard in Resources */ = {isa = PBXBuildFile; fileRef = 6ECB625727E91BD100763E06 /* LaunchScreen.storyboard */; };
		82E9DAE485A6039D50453946 /* Pods_iOS_APOD.framework in Frameworks */ = {isa = PBXBuildFile; fileRef = 7B51BD47FE199DA5E1A08DAD /* Pods_iOS_APOD.framework */; };
		A5321A282871EB200071FCB6 /* PhotosTableViewController.swift in Sources */ = {isa = PBXBuildFile; fileRef = A5321A262871EB200071FCB6 /* PhotosTableViewController.swift */; };
		A5321A292871EB200071FCB6 /* PhotosTableViewController.xib in Resources */ = {isa = PBXBuildFile; fileRef = A5321A272871EB200071FCB6 /* PhotosTableViewController.xib */; };
		A5321A2D287200B80071FCB6 /* PhotoTableViewCell.swift in Sources */ = {isa = PBXBuildFile; fileRef = A5321A2B287200B80071FCB6 /* PhotoTableViewCell.swift */; };
		A5321A2E287200B80071FCB6 /* PhotoTableViewCell.xib in Resources */ = {isa = PBXBuildFile; fileRef = A5321A2C287200B80071FCB6 /* PhotoTableViewCell.xib */; };
		A5321A30287205B70071FCB6 /* PhotosTablePresenter.swift in Sources */ = {isa = PBXBuildFile; fileRef = A5321A2F287205B70071FCB6 /* PhotosTablePresenter.swift */; };
		A5321A322872064D0071FCB6 /* PhotosTableTypes.swift in Sources */ = {isa = PBXBuildFile; fileRef = A5321A312872064D0071FCB6 /* PhotosTableTypes.swift */; };
		A543C042282651BA004A2CDD /* Fonts.swift in Sources */ = {isa = PBXBuildFile; fileRef = A543C041282651BA004A2CDD /* Fonts.swift */; };
		A543C044282651C1004A2CDD /* Colors.swift in Sources */ = {isa = PBXBuildFile; fileRef = A543C043282651C1004A2CDD /* Colors.swift */; };
		A543C0462826612C004A2CDD /* BaseViewController.swift in Sources */ = {isa = PBXBuildFile; fileRef = A543C0452826612C004A2CDD /* BaseViewController.swift */; };
		A5470A5A284B1F4C0028DC80 /* Localizable.strings in Resources */ = {isa = PBXBuildFile; fileRef = A5470A59284B1F4C0028DC80 /* Localizable.strings */; };
		A587BADD28749731008E5A8B /* PhotoDetailsViewController.swift in Sources */ = {isa = PBXBuildFile; fileRef = A587BADB28749731008E5A8B /* PhotoDetailsViewController.swift */; };
		A587BADE28749731008E5A8B /* PhotoDetailsViewController.xib in Resources */ = {isa = PBXBuildFile; fileRef = A587BADC28749731008E5A8B /* PhotoDetailsViewController.xib */; };
		A587BAE0287497E7008E5A8B /* PhotoDetailsNavigationController.swift in Sources */ = {isa = PBXBuildFile; fileRef = A587BADF287497E7008E5A8B /* PhotoDetailsNavigationController.swift */; };
		A587BAE22874986E008E5A8B /* PhotoDetailsPresenter.swift in Sources */ = {isa = PBXBuildFile; fileRef = A587BAE12874986E008E5A8B /* PhotoDetailsPresenter.swift */; };
		A587BAE428749880008E5A8B /* PhotoDetailsTypes.swift in Sources */ = {isa = PBXBuildFile; fileRef = A587BAE328749880008E5A8B /* PhotoDetailsTypes.swift */; };
		A587BAE82874A468008E5A8B /* DatePickerViewController.swift in Sources */ = {isa = PBXBuildFile; fileRef = A587BAE62874A468008E5A8B /* DatePickerViewController.swift */; };
		A587BAE92874A468008E5A8B /* DatePickerViewController.xib in Resources */ = {isa = PBXBuildFile; fileRef = A587BAE72874A468008E5A8B /* DatePickerViewController.xib */; };
		A587BAEB2874A59E008E5A8B /* DatePickerNavigationController.swift in Sources */ = {isa = PBXBuildFile; fileRef = A587BAEA2874A59E008E5A8B /* DatePickerNavigationController.swift */; };
		A587BAED2874A600008E5A8B /* DatePickerPresenter.swift in Sources */ = {isa = PBXBuildFile; fileRef = A587BAEC2874A600008E5A8B /* DatePickerPresenter.swift */; };
		A587BAEF2874A60B008E5A8B /* DatePickerTypes.swift in Sources */ = {isa = PBXBuildFile; fileRef = A587BAEE2874A60B008E5A8B /* DatePickerTypes.swift */; };
		A5C6776B2823A00200CAD920 /* ColorAssets.xcassets in Resources */ = {isa = PBXBuildFile; fileRef = A5C6776A2823A00200CAD920 /* ColorAssets.xcassets */; };
/* End PBXBuildFile section */

/* Begin PBXFileReference section */
		1C4B6FE56E83D04D3720F3CA /* Pods-iOS_APOD.debug.xcconfig */ = {isa = PBXFileReference; includeInIndex = 1; lastKnownFileType = text.xcconfig; name = "Pods-iOS_APOD.debug.xcconfig"; path = "Target Support Files/Pods-iOS_APOD/Pods-iOS_APOD.debug.xcconfig"; sourceTree = "<group>"; };
		6EC984E727EBCD7A00167343 /* NasaPicture.swift */ = {isa = PBXFileReference; lastKnownFileType = sourcecode.swift; path = NasaPicture.swift; sourceTree = "<group>"; };
		6EC984E927EBCE3D00167343 /* NetworkService.swift */ = {isa = PBXFileReference; lastKnownFileType = sourcecode.swift; path = NetworkService.swift; sourceTree = "<group>"; };
		6EC984EC27EBCF4E00167343 /* Alamofire.framework */ = {isa = PBXFileReference; explicitFileType = wrapper.framework; path = Alamofire.framework; sourceTree = BUILT_PRODUCTS_DIR; };
		6EC984F027EBD9D800167343 /* AppExtensions.swift */ = {isa = PBXFileReference; lastKnownFileType = sourcecode.swift; path = AppExtensions.swift; sourceTree = "<group>"; };
		6ECB624927E91BC800763E06 /* iOS_APOD.app */ = {isa = PBXFileReference; explicitFileType = wrapper.application; includeInIndex = 0; path = iOS_APOD.app; sourceTree = BUILT_PRODUCTS_DIR; };
		6ECB624C27E91BC800763E06 /* AppDelegate.swift */ = {isa = PBXFileReference; lastKnownFileType = sourcecode.swift; path = AppDelegate.swift; sourceTree = "<group>"; };
		6ECB624E27E91BC800763E06 /* SceneDelegate.swift */ = {isa = PBXFileReference; lastKnownFileType = sourcecode.swift; path = SceneDelegate.swift; sourceTree = "<group>"; };
		6ECB625327E91BC800763E06 /* Base */ = {isa = PBXFileReference; lastKnownFileType = file.storyboard; name = Base; path = Base.lproj/Main.storyboard; sourceTree = "<group>"; };
		6ECB625527E91BD100763E06 /* Assets.xcassets */ = {isa = PBXFileReference; lastKnownFileType = folder.assetcatalog; path = Assets.xcassets; sourceTree = "<group>"; };
		6ECB625827E91BD100763E06 /* Base */ = {isa = PBXFileReference; lastKnownFileType = file.storyboard; name = Base; path = Base.lproj/LaunchScreen.storyboard; sourceTree = "<group>"; };
		6ECB625A27E91BD100763E06 /* Info.plist */ = {isa = PBXFileReference; lastKnownFileType = text.plist.xml; path = Info.plist; sourceTree = "<group>"; };
		7B51BD47FE199DA5E1A08DAD /* Pods_iOS_APOD.framework */ = {isa = PBXFileReference; explicitFileType = wrapper.framework; includeInIndex = 0; path = Pods_iOS_APOD.framework; sourceTree = BUILT_PRODUCTS_DIR; };
		A5321A262871EB200071FCB6 /* PhotosTableViewController.swift */ = {isa = PBXFileReference; lastKnownFileType = sourcecode.swift; path = PhotosTableViewController.swift; sourceTree = "<group>"; };
		A5321A272871EB200071FCB6 /* PhotosTableViewController.xib */ = {isa = PBXFileReference; lastKnownFileType = file.xib; path = PhotosTableViewController.xib; sourceTree = "<group>"; };
		A5321A2B287200B80071FCB6 /* PhotoTableViewCell.swift */ = {isa = PBXFileReference; lastKnownFileType = sourcecode.swift; path = PhotoTableViewCell.swift; sourceTree = "<group>"; };
		A5321A2C287200B80071FCB6 /* PhotoTableViewCell.xib */ = {isa = PBXFileReference; lastKnownFileType = file.xib; path = PhotoTableViewCell.xib; sourceTree = "<group>"; };
		A5321A2F287205B70071FCB6 /* PhotosTablePresenter.swift */ = {isa = PBXFileReference; lastKnownFileType = sourcecode.swift; path = PhotosTablePresenter.swift; sourceTree = "<group>"; };
		A5321A312872064D0071FCB6 /* PhotosTableTypes.swift */ = {isa = PBXFileReference; lastKnownFileType = sourcecode.swift; path = PhotosTableTypes.swift; sourceTree = "<group>"; };
		A543C041282651BA004A2CDD /* Fonts.swift */ = {isa = PBXFileReference; lastKnownFileType = sourcecode.swift; path = Fonts.swift; sourceTree = "<group>"; };
		A543C043282651C1004A2CDD /* Colors.swift */ = {isa = PBXFileReference; lastKnownFileType = sourcecode.swift; path = Colors.swift; sourceTree = "<group>"; };
		A543C0452826612C004A2CDD /* BaseViewController.swift */ = {isa = PBXFileReference; lastKnownFileType = sourcecode.swift; path = BaseViewController.swift; sourceTree = "<group>"; };
		A5470A59284B1F4C0028DC80 /* Localizable.strings */ = {isa = PBXFileReference; lastKnownFileType = text.plist.strings; path = Localizable.strings; sourceTree = "<group>"; };
		A587BADB28749731008E5A8B /* PhotoDetailsViewController.swift */ = {isa = PBXFileReference; lastKnownFileType = sourcecode.swift; path = PhotoDetailsViewController.swift; sourceTree = "<group>"; };
		A587BADC28749731008E5A8B /* PhotoDetailsViewController.xib */ = {isa = PBXFileReference; lastKnownFileType = file.xib; path = PhotoDetailsViewController.xib; sourceTree = "<group>"; };
		A587BADF287497E7008E5A8B /* PhotoDetailsNavigationController.swift */ = {isa = PBXFileReference; lastKnownFileType = sourcecode.swift; path = PhotoDetailsNavigationController.swift; sourceTree = "<group>"; };
		A587BAE12874986E008E5A8B /* PhotoDetailsPresenter.swift */ = {isa = PBXFileReference; lastKnownFileType = sourcecode.swift; path = PhotoDetailsPresenter.swift; sourceTree = "<group>"; };
		A587BAE328749880008E5A8B /* PhotoDetailsTypes.swift */ = {isa = PBXFileReference; lastKnownFileType = sourcecode.swift; path = PhotoDetailsTypes.swift; sourceTree = "<group>"; };
		A587BAE62874A468008E5A8B /* DatePickerViewController.swift */ = {isa = PBXFileReference; lastKnownFileType = sourcecode.swift; path = DatePickerViewController.swift; sourceTree = "<group>"; };
		A587BAE72874A468008E5A8B /* DatePickerViewController.xib */ = {isa = PBXFileReference; lastKnownFileType = file.xib; path = DatePickerViewController.xib; sourceTree = "<group>"; };
		A587BAEA2874A59E008E5A8B /* DatePickerNavigationController.swift */ = {isa = PBXFileReference; lastKnownFileType = sourcecode.swift; path = DatePickerNavigationController.swift; sourceTree = "<group>"; };
		A587BAEC2874A600008E5A8B /* DatePickerPresenter.swift */ = {isa = PBXFileReference; lastKnownFileType = sourcecode.swift; path = DatePickerPresenter.swift; sourceTree = "<group>"; };
		A587BAEE2874A60B008E5A8B /* DatePickerTypes.swift */ = {isa = PBXFileReference; lastKnownFileType = sourcecode.swift; path = DatePickerTypes.swift; sourceTree = "<group>"; };
		A5C6776A2823A00200CAD920 /* ColorAssets.xcassets */ = {isa = PBXFileReference; lastKnownFileType = folder.assetcatalog; path = ColorAssets.xcassets; sourceTree = "<group>"; };
		D7D3F08BE316E30796819ADE /* Pods-iOS_APOD.release.xcconfig */ = {isa = PBXFileReference; includeInIndex = 1; lastKnownFileType = text.xcconfig; name = "Pods-iOS_APOD.release.xcconfig"; path = "Target Support Files/Pods-iOS_APOD/Pods-iOS_APOD.release.xcconfig"; sourceTree = "<group>"; };
/* End PBXFileReference section */

/* Begin PBXFrameworksBuildPhase section */
		6ECB624627E91BC800763E06 /* Frameworks */ = {
			isa = PBXFrameworksBuildPhase;
			buildActionMask = 2147483647;
			files = (
				82E9DAE485A6039D50453946 /* Pods_iOS_APOD.framework in Frameworks */,
			);
			runOnlyForDeploymentPostprocessing = 0;
		};
/* End PBXFrameworksBuildPhase section */

/* Begin PBXGroup section */
		6EC984E627EBCD6300167343 /* Models */ = {
			isa = PBXGroup;
			children = (
				6EC984E727EBCD7A00167343 /* NasaPicture.swift */,
			);
			path = Models;
			sourceTree = "<group>";
		};
		6EC984EB27EBCF4E00167343 /* Frameworks */ = {
			isa = PBXGroup;
			children = (
				6EC984EC27EBCF4E00167343 /* Alamofire.framework */,
				7B51BD47FE199DA5E1A08DAD /* Pods_iOS_APOD.framework */,
			);
			name = Frameworks;
			sourceTree = "<group>";
		};
		6ECB624027E91BC800763E06 = {
			isa = PBXGroup;
			children = (
				6ECB624B27E91BC800763E06 /* iOS_APOD */,
				6ECB624A27E91BC800763E06 /* Products */,
				6EC984EB27EBCF4E00167343 /* Frameworks */,
				FACD97A780AD64E9EFC17365 /* Pods */,
			);
			sourceTree = "<group>";
		};
		6ECB624A27E91BC800763E06 /* Products */ = {
			isa = PBXGroup;
			children = (
				6ECB624927E91BC800763E06 /* iOS_APOD.app */,
			);
			name = Products;
			sourceTree = "<group>";
		};
		6ECB624B27E91BC800763E06 /* iOS_APOD */ = {
			isa = PBXGroup;
			children = (
				A5C6776C2823A16500CAD920 /* Views */,
				A5C6776928239FE800CAD920 /* Resources */,
				6EC984E627EBCD6300167343 /* Models */,
				6ECB626127E91C2B00763E06 /* Helpers */,
				6ECB626027E91C1E00763E06 /* ViewControllers */,
				6ECB624C27E91BC800763E06 /* AppDelegate.swift */,
				6ECB624E27E91BC800763E06 /* SceneDelegate.swift */,
				6ECB625A27E91BD100763E06 /* Info.plist */,
			);
			path = iOS_APOD;
			sourceTree = "<group>";
		};
		6ECB626027E91C1E00763E06 /* ViewControllers */ = {
			isa = PBXGroup;
			children = (
				A587BAE52874A41A008E5A8B /* Date Picker Controller */,
				A587BADA287496D6008E5A8B /* Photo Details Controller */,
				A5321A252871EAFD0071FCB6 /* Photos Table Controller */,
				A543C0452826612C004A2CDD /* BaseViewController.swift */,
			);
			path = ViewControllers;
			sourceTree = "<group>";
		};
		6ECB626127E91C2B00763E06 /* Helpers */ = {
			isa = PBXGroup;
			children = (
				6EC984E927EBCE3D00167343 /* NetworkService.swift */,
				6EC984F027EBD9D800167343 /* AppExtensions.swift */,
				A543C041282651BA004A2CDD /* Fonts.swift */,
				A543C043282651C1004A2CDD /* Colors.swift */,
			);
			path = Helpers;
			sourceTree = "<group>";
		};
		A5321A252871EAFD0071FCB6 /* Photos Table Controller */ = {
			isa = PBXGroup;
			children = (
				A5321A262871EB200071FCB6 /* PhotosTableViewController.swift */,
				A5321A2F287205B70071FCB6 /* PhotosTablePresenter.swift */,
				A5321A312872064D0071FCB6 /* PhotosTableTypes.swift */,
				A5321A272871EB200071FCB6 /* PhotosTableViewController.xib */,
				A5321A2A287200940071FCB6 /* Cells */,
			);
			path = "Photos Table Controller";
			sourceTree = "<group>";
		};
		A5321A2A287200940071FCB6 /* Cells */ = {
			isa = PBXGroup;
			children = (
				A5321A2B287200B80071FCB6 /* PhotoTableViewCell.swift */,
				A5321A2C287200B80071FCB6 /* PhotoTableViewCell.xib */,
			);
			path = Cells;
			sourceTree = "<group>";
		};
		A587BADA287496D6008E5A8B /* Photo Details Controller */ = {
			isa = PBXGroup;
			children = (
				A587BADB28749731008E5A8B /* PhotoDetailsViewController.swift */,
				A587BADC28749731008E5A8B /* PhotoDetailsViewController.xib */,
				A587BAE12874986E008E5A8B /* PhotoDetailsPresenter.swift */,
				A587BAE328749880008E5A8B /* PhotoDetailsTypes.swift */,
				A587BADF287497E7008E5A8B /* PhotoDetailsNavigationController.swift */,
			);
			path = "Photo Details Controller";
			sourceTree = "<group>";
		};
		A587BAE52874A41A008E5A8B /* Date Picker Controller */ = {
			isa = PBXGroup;
			children = (
				A587BAE62874A468008E5A8B /* DatePickerViewController.swift */,
				A587BAE72874A468008E5A8B /* DatePickerViewController.xib */,
				A587BAEC2874A600008E5A8B /* DatePickerPresenter.swift */,
				A587BAEE2874A60B008E5A8B /* DatePickerTypes.swift */,
				A587BAEA2874A59E008E5A8B /* DatePickerNavigationController.swift */,
			);
			path = "Date Picker Controller";
			sourceTree = "<group>";
		};
		A5C6776928239FE800CAD920 /* Resources */ = {
			isa = PBXGroup;
			children = (
				6ECB625527E91BD100763E06 /* Assets.xcassets */,
				A5C6776A2823A00200CAD920 /* ColorAssets.xcassets */,
				A5470A59284B1F4C0028DC80 /* Localizable.strings */,
			);
			path = Resources;
			sourceTree = "<group>";
		};
		A5C6776C2823A16500CAD920 /* Views */ = {
			isa = PBXGroup;
			children = (
				6ECB625227E91BC800763E06 /* Main.storyboard */,
				6ECB625727E91BD100763E06 /* LaunchScreen.storyboard */,
			);
			path = Views;
			sourceTree = "<group>";
		};
		FACD97A780AD64E9EFC17365 /* Pods */ = {
			isa = PBXGroup;
			children = (
				1C4B6FE56E83D04D3720F3CA /* Pods-iOS_APOD.debug.xcconfig */,
				D7D3F08BE316E30796819ADE /* Pods-iOS_APOD.release.xcconfig */,
			);
			path = Pods;
			sourceTree = "<group>";
		};
/* End PBXGroup section */

/* Begin PBXNativeTarget section */
		6ECB624827E91BC800763E06 /* iOS_APOD */ = {
			isa = PBXNativeTarget;
			buildConfigurationList = 6ECB625D27E91BD100763E06 /* Build configuration list for PBXNativeTarget "iOS_APOD" */;
			buildPhases = (
				6F59B3CDAD308769A272B71E /* [CP] Check Pods Manifest.lock */,
				6ECB624527E91BC800763E06 /* Sources */,
				6ECB624627E91BC800763E06 /* Frameworks */,
				6ECB624727E91BC800763E06 /* Resources */,
				F7D01197E5CB96D1B5F4CE41 /* [CP] Embed Pods Frameworks */,
			);
			buildRules = (
			);
			dependencies = (
			);
			name = iOS_APOD;
			productName = iOS_APOD;
			productReference = 6ECB624927E91BC800763E06 /* iOS_APOD.app */;
			productType = "com.apple.product-type.application";
		};
/* End PBXNativeTarget section */

/* Begin PBXProject section */
		6ECB624127E91BC800763E06 /* Project object */ = {
			isa = PBXProject;
			attributes = {
				BuildIndependentTargetsInParallel = 1;
				LastSwiftUpdateCheck = 1330;
				LastUpgradeCheck = 1330;
				TargetAttributes = {
					6ECB624827E91BC800763E06 = {
						CreatedOnToolsVersion = 13.3;
					};
				};
			};
			buildConfigurationList = 6ECB624427E91BC800763E06 /* Build configuration list for PBXProject "iOS_APOD" */;
			compatibilityVersion = "Xcode 13.0";
			developmentRegion = en;
			hasScannedForEncodings = 0;
			knownRegions = (
				en,
				Base,
			);
			mainGroup = 6ECB624027E91BC800763E06;
			productRefGroup = 6ECB624A27E91BC800763E06 /* Products */;
			projectDirPath = "";
			projectRoot = "";
			targets = (
				6ECB624827E91BC800763E06 /* iOS_APOD */,
			);
		};
/* End PBXProject section */

/* Begin PBXResourcesBuildPhase section */
		6ECB624727E91BC800763E06 /* Resources */ = {
			isa = PBXResourcesBuildPhase;
			buildActionMask = 2147483647;
			files = (
				A5321A292871EB200071FCB6 /* PhotosTableViewController.xib in Resources */,
				A5470A5A284B1F4C0028DC80 /* Localizable.strings in Resources */,
				6ECB625927E91BD100763E06 /* LaunchScreen.storyboard in Resources */,
				6ECB625627E91BD100763E06 /* Assets.xcassets in Resources */,
				A5C6776B2823A00200CAD920 /* ColorAssets.xcassets in Resources */,
				6ECB625427E91BC800763E06 /* Main.storyboard in Resources */,
				A587BAE92874A468008E5A8B /* DatePickerViewController.xib in Resources */,
				A587BADE28749731008E5A8B /* PhotoDetailsViewController.xib in Resources */,
				A5321A2E287200B80071FCB6 /* PhotoTableViewCell.xib in Resources */,
			);
			runOnlyForDeploymentPostprocessing = 0;
		};
/* End PBXResourcesBuildPhase section */

/* Begin PBXShellScriptBuildPhase section */
		6F59B3CDAD308769A272B71E /* [CP] Check Pods Manifest.lock */ = {
			isa = PBXShellScriptBuildPhase;
			buildActionMask = 2147483647;
			files = (
			);
			inputFileListPaths = (
			);
			inputPaths = (
				"${PODS_PODFILE_DIR_PATH}/Podfile.lock",
				"${PODS_ROOT}/Manifest.lock",
			);
			name = "[CP] Check Pods Manifest.lock";
			outputFileListPaths = (
			);
			outputPaths = (
				"$(DERIVED_FILE_DIR)/Pods-iOS_APOD-checkManifestLockResult.txt",
			);
			runOnlyForDeploymentPostprocessing = 0;
			shellPath = /bin/sh;
			shellScript = "diff \"${PODS_PODFILE_DIR_PATH}/Podfile.lock\" \"${PODS_ROOT}/Manifest.lock\" > /dev/null\nif [ $? != 0 ] ; then\n    # print error to STDERR\n    echo \"error: The sandbox is not in sync with the Podfile.lock. Run 'pod install' or update your CocoaPods installation.\" >&2\n    exit 1\nfi\n# This output is used by Xcode 'outputs' to avoid re-running this script phase.\necho \"SUCCESS\" > \"${SCRIPT_OUTPUT_FILE_0}\"\n";
			showEnvVarsInLog = 0;
		};
		F7D01197E5CB96D1B5F4CE41 /* [CP] Embed Pods Frameworks */ = {
			isa = PBXShellScriptBuildPhase;
			buildActionMask = 2147483647;
			files = (
			);
			inputFileListPaths = (
				"${PODS_ROOT}/Target Support Files/Pods-iOS_APOD/Pods-iOS_APOD-frameworks-${CONFIGURATION}-input-files.xcfilelist",
			);
			name = "[CP] Embed Pods Frameworks";
			outputFileListPaths = (
				"${PODS_ROOT}/Target Support Files/Pods-iOS_APOD/Pods-iOS_APOD-frameworks-${CONFIGURATION}-output-files.xcfilelist",
			);
			runOnlyForDeploymentPostprocessing = 0;
			shellPath = /bin/sh;
			shellScript = "\"${PODS_ROOT}/Target Support Files/Pods-iOS_APOD/Pods-iOS_APOD-frameworks.sh\"\n";
			showEnvVarsInLog = 0;
		};
/* End PBXShellScriptBuildPhase section */

/* Begin PBXSourcesBuildPhase section */
		6ECB624527E91BC800763E06 /* Sources */ = {
			isa = PBXSourcesBuildPhase;
			buildActionMask = 2147483647;
			files = (
				A587BADD28749731008E5A8B /* PhotoDetailsViewController.swift in Sources */,
				A543C042282651BA004A2CDD /* Fonts.swift in Sources */,
				A543C044282651C1004A2CDD /* Colors.swift in Sources */,
				A5321A30287205B70071FCB6 /* PhotosTablePresenter.swift in Sources */,
				6EC984EA27EBCE3D00167343 /* NetworkService.swift in Sources */,
				A587BAEB2874A59E008E5A8B /* DatePickerNavigationController.swift in Sources */,
				A5321A282871EB200071FCB6 /* PhotosTableViewController.swift in Sources */,
				A587BAE0287497E7008E5A8B /* PhotoDetailsNavigationController.swift in Sources */,
				6ECB624D27E91BC800763E06 /* AppDelegate.swift in Sources */,
				A5321A322872064D0071FCB6 /* PhotosTableTypes.swift in Sources */,
				A543C0462826612C004A2CDD /* BaseViewController.swift in Sources */,
				A587BAE428749880008E5A8B /* PhotoDetailsTypes.swift in Sources */,
				A5321A2D287200B80071FCB6 /* PhotoTableViewCell.swift in Sources */,
				A587BAEF2874A60B008E5A8B /* DatePickerTypes.swift in Sources */,
				A587BAE82874A468008E5A8B /* DatePickerViewController.swift in Sources */,
				6EC984F127EBD9D800167343 /* AppExtensions.swift in Sources */,
				6ECB624F27E91BC800763E06 /* SceneDelegate.swift in Sources */,
				A587BAE22874986E008E5A8B /* PhotoDetailsPresenter.swift in Sources */,
				A587BAED2874A600008E5A8B /* DatePickerPresenter.swift in Sources */,
				6EC984E827EBCD7A00167343 /* NasaPicture.swift in Sources */,
			);
			runOnlyForDeploymentPostprocessing = 0;
		};
/* End PBXSourcesBuildPhase section */

/* Begin PBXVariantGroup section */
		6ECB625227E91BC800763E06 /* Main.storyboard */ = {
			isa = PBXVariantGroup;
			children = (
				6ECB625327E91BC800763E06 /* Base */,
			);
			name = Main.storyboard;
			sourceTree = "<group>";
		};
		6ECB625727E91BD100763E06 /* LaunchScreen.storyboard */ = {
			isa = PBXVariantGroup;
			children = (
				6ECB625827E91BD100763E06 /* Base */,
			);
			name = LaunchScreen.storyboard;
			sourceTree = "<group>";
		};
/* End PBXVariantGroup section */

/* Begin XCBuildConfiguration section */
		6ECB625B27E91BD100763E06 /* Debug */ = {
			isa = XCBuildConfiguration;
			buildSettings = {
				ALWAYS_SEARCH_USER_PATHS = NO;
				CLANG_ANALYZER_NONNULL = YES;
				CLANG_ANALYZER_NUMBER_OBJECT_CONVERSION = YES_AGGRESSIVE;
				CLANG_CXX_LANGUAGE_STANDARD = "gnu++17";
				CLANG_ENABLE_MODULES = YES;
				CLANG_ENABLE_OBJC_ARC = YES;
				CLANG_ENABLE_OBJC_WEAK = YES;
				CLANG_WARN_BLOCK_CAPTURE_AUTORELEASING = YES;
				CLANG_WARN_BOOL_CONVERSION = YES;
				CLANG_WARN_COMMA = YES;
				CLANG_WARN_CONSTANT_CONVERSION = YES;
				CLANG_WARN_DEPRECATED_OBJC_IMPLEMENTATIONS = YES;
				CLANG_WARN_DIRECT_OBJC_ISA_USAGE = YES_ERROR;
				CLANG_WARN_DOCUMENTATION_COMMENTS = YES;
				CLANG_WARN_EMPTY_BODY = YES;
				CLANG_WARN_ENUM_CONVERSION = YES;
				CLANG_WARN_INFINITE_RECURSION = YES;
				CLANG_WARN_INT_CONVERSION = YES;
				CLANG_WARN_NON_LITERAL_NULL_CONVERSION = YES;
				CLANG_WARN_OBJC_IMPLICIT_RETAIN_SELF = YES;
				CLANG_WARN_OBJC_LITERAL_CONVERSION = YES;
				CLANG_WARN_OBJC_ROOT_CLASS = YES_ERROR;
				CLANG_WARN_QUOTED_INCLUDE_IN_FRAMEWORK_HEADER = YES;
				CLANG_WARN_RANGE_LOOP_ANALYSIS = YES;
				CLANG_WARN_STRICT_PROTOTYPES = YES;
				CLANG_WARN_SUSPICIOUS_MOVE = YES;
				CLANG_WARN_UNGUARDED_AVAILABILITY = YES_AGGRESSIVE;
				CLANG_WARN_UNREACHABLE_CODE = YES;
				CLANG_WARN__DUPLICATE_METHOD_MATCH = YES;
				COPY_PHASE_STRIP = NO;
				DEBUG_INFORMATION_FORMAT = dwarf;
				ENABLE_STRICT_OBJC_MSGSEND = YES;
				ENABLE_TESTABILITY = YES;
				GCC_C_LANGUAGE_STANDARD = gnu11;
				GCC_DYNAMIC_NO_PIC = NO;
				GCC_NO_COMMON_BLOCKS = YES;
				GCC_OPTIMIZATION_LEVEL = 0;
				GCC_PREPROCESSOR_DEFINITIONS = (
					"DEBUG=1",
					"$(inherited)",
				);
				GCC_WARN_64_TO_32_BIT_CONVERSION = YES;
				GCC_WARN_ABOUT_RETURN_TYPE = YES_ERROR;
				GCC_WARN_UNDECLARED_SELECTOR = YES;
				GCC_WARN_UNINITIALIZED_AUTOS = YES_AGGRESSIVE;
				GCC_WARN_UNUSED_FUNCTION = YES;
				GCC_WARN_UNUSED_VARIABLE = YES;
				IPHONEOS_DEPLOYMENT_TARGET = 15.4;
				MTL_ENABLE_DEBUG_INFO = INCLUDE_SOURCE;
				MTL_FAST_MATH = YES;
				ONLY_ACTIVE_ARCH = YES;
				SDKROOT = iphoneos;
				SWIFT_ACTIVE_COMPILATION_CONDITIONS = DEBUG;
				SWIFT_OPTIMIZATION_LEVEL = "-Onone";
			};
			name = Debug;
		};
		6ECB625C27E91BD100763E06 /* Release */ = {
			isa = XCBuildConfiguration;
			buildSettings = {
				ALWAYS_SEARCH_USER_PATHS = NO;
				CLANG_ANALYZER_NONNULL = YES;
				CLANG_ANALYZER_NUMBER_OBJECT_CONVERSION = YES_AGGRESSIVE;
				CLANG_CXX_LANGUAGE_STANDARD = "gnu++17";
				CLANG_ENABLE_MODULES = YES;
				CLANG_ENABLE_OBJC_ARC = YES;
				CLANG_ENABLE_OBJC_WEAK = YES;
				CLANG_WARN_BLOCK_CAPTURE_AUTORELEASING = YES;
				CLANG_WARN_BOOL_CONVERSION = YES;
				CLANG_WARN_COMMA = YES;
				CLANG_WARN_CONSTANT_CONVERSION = YES;
				CLANG_WARN_DEPRECATED_OBJC_IMPLEMENTATIONS = YES;
				CLANG_WARN_DIRECT_OBJC_ISA_USAGE = YES_ERROR;
				CLANG_WARN_DOCUMENTATION_COMMENTS = YES;
				CLANG_WARN_EMPTY_BODY = YES;
				CLANG_WARN_ENUM_CONVERSION = YES;
				CLANG_WARN_INFINITE_RECURSION = YES;
				CLANG_WARN_INT_CONVERSION = YES;
				CLANG_WARN_NON_LITERAL_NULL_CONVERSION = YES;
				CLANG_WARN_OBJC_IMPLICIT_RETAIN_SELF = YES;
				CLANG_WARN_OBJC_LITERAL_CONVERSION = YES;
				CLANG_WARN_OBJC_ROOT_CLASS = YES_ERROR;
				CLANG_WARN_QUOTED_INCLUDE_IN_FRAMEWORK_HEADER = YES;
				CLANG_WARN_RANGE_LOOP_ANALYSIS = YES;
				CLANG_WARN_STRICT_PROTOTYPES = YES;
				CLANG_WARN_SUSPICIOUS_MOVE = YES;
				CLANG_WARN_UNGUARDED_AVAILABILITY = YES_AGGRESSIVE;
				CLANG_WARN_UNREACHABLE_CODE = YES;
				CLANG_WARN__DUPLICATE_METHOD_MATCH = YES;
				COPY_PHASE_STRIP = NO;
				DEBUG_INFORMATION_FORMAT = "dwarf-with-dsym";
				ENABLE_NS_ASSERTIONS = NO;
				ENABLE_STRICT_OBJC_MSGSEND = YES;
				GCC_C_LANGUAGE_STANDARD = gnu11;
				GCC_NO_COMMON_BLOCKS = YES;
				GCC_WARN_64_TO_32_BIT_CONVERSION = YES;
				GCC_WARN_ABOUT_RETURN_TYPE = YES_ERROR;
				GCC_WARN_UNDECLARED_SELECTOR = YES;
				GCC_WARN_UNINITIALIZED_AUTOS = YES_AGGRESSIVE;
				GCC_WARN_UNUSED_FUNCTION = YES;
				GCC_WARN_UNUSED_VARIABLE = YES;
				IPHONEOS_DEPLOYMENT_TARGET = 15.4;
				MTL_ENABLE_DEBUG_INFO = NO;
				MTL_FAST_MATH = YES;
				SDKROOT = iphoneos;
				SWIFT_COMPILATION_MODE = wholemodule;
				SWIFT_OPTIMIZATION_LEVEL = "-O";
				VALIDATE_PRODUCT = YES;
			};
			name = Release;
		};
		6ECB625E27E91BD100763E06 /* Debug */ = {
			isa = XCBuildConfiguration;
			baseConfigurationReference = 1C4B6FE56E83D04D3720F3CA /* Pods-iOS_APOD.debug.xcconfig */;
			buildSettings = {
				ASSETCATALOG_COMPILER_APPICON_NAME = AppIcon;
				ASSETCATALOG_COMPILER_GLOBAL_ACCENT_COLOR_NAME = AccentColor;
				CODE_SIGN_STYLE = Automatic;
				CURRENT_PROJECT_VERSION = 1;
				DEVELOPMENT_TEAM = M8S956QKFH;
				GENERATE_INFOPLIST_FILE = YES;
				INFOPLIST_FILE = iOS_APOD/Info.plist;
				INFOPLIST_KEY_UIApplicationSupportsIndirectInputEvents = YES;
				INFOPLIST_KEY_UILaunchStoryboardName = LaunchScreen;
				INFOPLIST_KEY_UIMainStoryboardFile = Main;
				INFOPLIST_KEY_UISupportedInterfaceOrientations_iPad = "UIInterfaceOrientationPortrait UIInterfaceOrientationPortraitUpsideDown UIInterfaceOrientationLandscapeLeft UIInterfaceOrientationLandscapeRight";
				INFOPLIST_KEY_UISupportedInterfaceOrientations_iPhone = "UIInterfaceOrientationPortrait UIInterfaceOrientationLandscapeLeft UIInterfaceOrientationLandscapeRight";
				LD_RUNPATH_SEARCH_PATHS = (
					"$(inherited)",
					"@executable_path/Frameworks",
				);
				MARKETING_VERSION = 1.0;
				PRODUCT_BUNDLE_IDENTIFIER = "collegeLink.iOS-APOD";
				PRODUCT_NAME = "$(TARGET_NAME)";
				SWIFT_EMIT_LOC_STRINGS = YES;
				SWIFT_VERSION = 5.0;
				TARGETED_DEVICE_FAMILY = "1,2";
			};
			name = Debug;
		};
		6ECB625F27E91BD100763E06 /* Release */ = {
			isa = XCBuildConfiguration;
			baseConfigurationReference = D7D3F08BE316E30796819ADE /* Pods-iOS_APOD.release.xcconfig */;
			buildSettings = {
				ASSETCATALOG_COMPILER_APPICON_NAME = AppIcon;
				ASSETCATALOG_COMPILER_GLOBAL_ACCENT_COLOR_NAME = AccentColor;
				CODE_SIGN_STYLE = Automatic;
				CURRENT_PROJECT_VERSION = 1;
				DEVELOPMENT_TEAM = M8S956QKFH;
				GENERATE_INFOPLIST_FILE = YES;
				INFOPLIST_FILE = iOS_APOD/Info.plist;
				INFOPLIST_KEY_UIApplicationSupportsIndirectInputEvents = YES;
				INFOPLIST_KEY_UILaunchStoryboardName = LaunchScreen;
				INFOPLIST_KEY_UIMainStoryboardFile = Main;
				INFOPLIST_KEY_UISupportedInterfaceOrientations_iPad = "UIInterfaceOrientationPortrait UIInterfaceOrientationPortraitUpsideDown UIInterfaceOrientationLandscapeLeft UIInterfaceOrientationLandscapeRight";
				INFOPLIST_KEY_UISupportedInterfaceOrientations_iPhone = "UIInterfaceOrientationPortrait UIInterfaceOrientationLandscapeLeft UIInterfaceOrientationLandscapeRight";
				LD_RUNPATH_SEARCH_PATHS = (
					"$(inherited)",
					"@executable_path/Frameworks",
				);
				MARKETING_VERSION = 1.0;
				PRODUCT_BUNDLE_IDENTIFIER = "collegeLink.iOS-APOD";
				PRODUCT_NAME = "$(TARGET_NAME)";
				SWIFT_EMIT_LOC_STRINGS = YES;
				SWIFT_VERSION = 5.0;
				TARGETED_DEVICE_FAMILY = "1,2";
			};
			name = Release;
		};
/* End XCBuildConfiguration section */

/* Begin XCConfigurationList section */
		6ECB624427E91BC800763E06 /* Build configuration list for PBXProject "iOS_APOD" */ = {
			isa = XCConfigurationList;
			buildConfigurations = (
				6ECB625B27E91BD100763E06 /* Debug */,
				6ECB625C27E91BD100763E06 /* Release */,
			);
			defaultConfigurationIsVisible = 0;
			defaultConfigurationName = Release;
		};
		6ECB625D27E91BD100763E06 /* Build configuration list for PBXNativeTarget "iOS_APOD" */ = {
			isa = XCConfigurationList;
			buildConfigurations = (
				6ECB625E27E91BD100763E06 /* Debug */,
				6ECB625F27E91BD100763E06 /* Release */,
			);
			defaultConfigurationIsVisible = 0;
			defaultConfigurationName = Release;
		};
/* End XCConfigurationList section */
	};
	rootObject = 6ECB624127E91BC800763E06 /* Project object */;
}
